
Microsoft Visual Studio Solution File, Format Version 12.00
# Visual Studio Version 16
VisualStudioVersion = 16.0.30114.128
MinimumVisualStudioVersion = 10.0.40219.1
Project("{FAE04EC0-301F-11D3-BF4B-00C04F79EFBC}") = "ExcTest", "ExcTest.csproj", "{1910CA53-AC43-41E9-829F-EBE87FED83DA}"
EndProject
Global
	GlobalSection(SolutionConfigurationPlatforms) = preSolution
		Debug|Any CPU = Debug|Any CPU
		Release|Any CPU = Release|Any CPU
	EndGlobalSection
	GlobalSection(ProjectConfigurationPlatforms) = postSolution
		{1910CA53-AC43-41E9-829F-EBE87FED83DA}.Debug|Any CPU.ActiveCfg = Debug|Any CPU
		{1910CA53-AC43-41E9-829F-EBE87FED83DA}.Debug|Any CPU.Build.0 = Debug|Any CPU
		{1910CA53-AC43-41E9-829F-EBE87FED83DA}.Release|Any CPU.ActiveCfg = Release|Any CPU
		{1910CA53-AC43-41E9-829F-EBE87FED83DA}.Release|Any CPU.Build.0 = Release|Any CPU
	EndGlobalSection
	GlobalSection(SolutionProperties) = preSolution
		HideSolutionNode = FALSE
	EndGlobalSection
	GlobalSection(ExtensibilityGlobals) = postSolution
		SolutionGuid = {8FA05DDA-0951-47F3-B774-ABFEB2C7CE93}
	EndGlobalSection
EndGlobal
